
Microsoft Visual Studio Solution File, Format Version 12.00
# Visual Studio Version 16
VisualStudioVersion = 16.0.30717.126
MinimumVisualStudioVersion = 10.0.40219.1
Project("{FAE04EC0-301F-11D3-BF4B-00C04F79EFBC}") = "MeetingRoom", "MeetingRoom\MeetingRoom.csproj", "{BFADBA28-F021-40CE-924E-72867D071868}"
EndProject
Global
	GlobalSection(SolutionConfigurationPlatforms) = preSolution
		Debug|Any CPU = Debug|Any CPU
		Release|Any CPU = Release|Any CPU
	EndGlobalSection
	GlobalSection(ProjectConfigurationPlatforms) = postSolution
		{BFADBA28-F021-40CE-924E-72867D071868}.Debug|Any CPU.ActiveCfg = Debug|Any CPU
		{BFADBA28-F021-40CE-924E-72867D071868}.Debug|Any CPU.Build.0 = Debug|Any CPU
		{BFADBA28-F021-40CE-924E-72867D071868}.Release|Any CPU.ActiveCfg = Release|Any CPU
		{BFADBA28-F021-40CE-924E-72867D071868}.Release|Any CPU.Build.0 = Release|Any CPU
	EndGlobalSection
	GlobalSection(SolutionProperties) = preSolution
		HideSolutionNode = FALSE
	EndGlobalSection
	GlobalSection(ExtensibilityGlobals) = postSolution
		SolutionGuid = {A9D5DAA9-F08D-492C-A4D9-216B8EC8084A}
	EndGlobalSection
EndGlobal
